// !$*UTF8*$!
{
	archiveVersion = 1;
	classes = {
	};
	objectVersion = 55;
	objects = {

/* Begin PBXBuildFile section */
		912A29892804C1CC004DCDF9 /* AppDelegate.swift in Sources */ = {isa = PBXBuildFile; fileRef = 912A29882804C1CC004DCDF9 /* AppDelegate.swift */; };
		912A298B2804C1CC004DCDF9 /* SceneDelegate.swift in Sources */ = {isa = PBXBuildFile; fileRef = 912A298A2804C1CC004DCDF9 /* SceneDelegate.swift */; };
		912A29902804C1CC004DCDF9 /* Main.storyboard in Resources */ = {isa = PBXBuildFile; fileRef = 912A298E2804C1CC004DCDF9 /* Main.storyboard */; };
		912A29922804C1CD004DCDF9 /* Assets.xcassets in Resources */ = {isa = PBXBuildFile; fileRef = 912A29912804C1CD004DCDF9 /* Assets.xcassets */; };
		912A29952804C1CD004DCDF9 /* LaunchScreen.storyboard in Resources */ = {isa = PBXBuildFile; fileRef = 912A29932804C1CD004DCDF9 /* LaunchScreen.storyboard */; };
		912A299D2804C205004DCDF9 /* RepositoryListViewController.swift in Sources */ = {isa = PBXBuildFile; fileRef = 912A299C2804C205004DCDF9 /* RepositoryListViewController.swift */; };
		912A29A02804C2B1004DCDF9 /* Alamofire in Frameworks */ = {isa = PBXBuildFile; productRef = 912A299F2804C2B1004DCDF9 /* Alamofire */; };
		91AE1CAD2805B1FA0090CE82 /* LoadingState.swift in Sources */ = {isa = PBXBuildFile; fileRef = 91AE1CAC2805B1FA0090CE82 /* LoadingState.swift */; };
		91AE1CB02805B65E0090CE82 /* GitHubAPI.swift in Sources */ = {isa = PBXBuildFile; fileRef = 91AE1CAF2805B65E0090CE82 /* GitHubAPI.swift */; };
		91AE1CB22805D2AD0090CE82 /* UIView+Extensions.swift in Sources */ = {isa = PBXBuildFile; fileRef = 91AE1CB12805D2AD0090CE82 /* UIView+Extensions.swift */; };
		91AE1CB5280611B60090CE82 /* Kingfisher in Frameworks */ = {isa = PBXBuildFile; productRef = 91AE1CB4280611B60090CE82 /* Kingfisher */; };
		91AE1CB72806A2E30090CE82 /* Alert.swift in Sources */ = {isa = PBXBuildFile; fileRef = 91AE1CB62806A2E30090CE82 /* Alert.swift */; };
		91AE1CBD2806C3950090CE82 /* Data+JSONFile.swift in Sources */ = {isa = PBXBuildFile; fileRef = 91AE1CBC2806C3950090CE82 /* Data+JSONFile.swift */; };
		91AE1CC02806C42D0090CE82 /* RepositoryTests.swift in Sources */ = {isa = PBXBuildFile; fileRef = 91AE1CBF2806C42D0090CE82 /* RepositoryTests.swift */; };
		91AE1CC32806C4770090CE82 /* DecodableTestCase.swift in Sources */ = {isa = PBXBuildFile; fileRef = 91AE1CC22806C4770090CE82 /* DecodableTestCase.swift */; };
		91AE1CC52806C9590090CE82 /* RepositoryResponse.json in Resources */ = {isa = PBXBuildFile; fileRef = 91AE1CC42806C9590090CE82 /* RepositoryResponse.json */; };
		91AE1CCB2806EC9E0090CE82 /* RepositoryViewModelTests.swift in Sources */ = {isa = PBXBuildFile; fileRef = 91AE1CCA2806EC9E0090CE82 /* RepositoryViewModelTests.swift */; };
		91AE1CCE2807005D0090CE82 /* RepositoryListViewModelTests.swift in Sources */ = {isa = PBXBuildFile; fileRef = 91AE1CCD2807005D0090CE82 /* RepositoryListViewModelTests.swift */; };
		91AE1CD42807242D0090CE82 /* Mocker in Frameworks */ = {isa = PBXBuildFile; productRef = 91AE1CD32807242D0090CE82 /* Mocker */; };
		91F183762804D6F3008A9791 /* Repository.swift in Sources */ = {isa = PBXBuildFile; fileRef = 91F183752804D6F3008A9791 /* Repository.swift */; };
		91F18378280552D4008A9791 /* RepositoryViewModel.swift in Sources */ = {isa = PBXBuildFile; fileRef = 91F18377280552D4008A9791 /* RepositoryViewModel.swift */; };
		91F1837A280552E8008A9791 /* RepositoryListViewModel.swift in Sources */ = {isa = PBXBuildFile; fileRef = 91F18379280552E8008A9791 /* RepositoryListViewModel.swift */; };
		91F1837C2805539D008A9791 /* Dynamic.swift in Sources */ = {isa = PBXBuildFile; fileRef = 91F1837B2805539D008A9791 /* Dynamic.swift */; };
		91F1837F28059B10008A9791 /* RepositoryCell.swift in Sources */ = {isa = PBXBuildFile; fileRef = 91F1837E28059B10008A9791 /* RepositoryCell.swift */; };
/* End PBXBuildFile section */

/* Begin PBXContainerItemProxy section */
		912A29AC2804C39C004DCDF9 /* PBXContainerItemProxy */ = {
			isa = PBXContainerItemProxy;
			containerPortal = 912A297D2804C1CC004DCDF9 /* Project object */;
			proxyType = 1;
			remoteGlobalIDString = 912A29842804C1CC004DCDF9;
			remoteInfo = GitHubSearchZV;
		};
/* End PBXContainerItemProxy section */

/* Begin PBXFileReference section */
		912A29852804C1CC004DCDF9 /* GitHubSearchZV.app */ = {isa = PBXFileReference; explicitFileType = wrapper.application; includeInIndex = 0; path = GitHubSearchZV.app; sourceTree = BUILT_PRODUCTS_DIR; };
		912A29882804C1CC004DCDF9 /* AppDelegate.swift */ = {isa = PBXFileReference; lastKnownFileType = sourcecode.swift; path = AppDelegate.swift; sourceTree = "<group>"; };
		912A298A2804C1CC004DCDF9 /* SceneDelegate.swift */ = {isa = PBXFileReference; lastKnownFileType = sourcecode.swift; path = SceneDelegate.swift; sourceTree = "<group>"; };
		912A298F2804C1CC004DCDF9 /* Base */ = {isa = PBXFileReference; lastKnownFileType = file.storyboard; name = Base; path = Base.lproj/Main.storyboard; sourceTree = "<group>"; };
		912A29912804C1CD004DCDF9 /* Assets.xcassets */ = {isa = PBXFileReference; lastKnownFileType = folder.assetcatalog; path = Assets.xcassets; sourceTree = "<group>"; };
		912A29942804C1CD004DCDF9 /* Base */ = {isa = PBXFileReference; lastKnownFileType = file.storyboard; name = Base; path = Base.lproj/LaunchScreen.storyboard; sourceTree = "<group>"; };
		912A29962804C1CD004DCDF9 /* Info.plist */ = {isa = PBXFileReference; lastKnownFileType = text.plist.xml; path = Info.plist; sourceTree = "<group>"; };
		912A299C2804C205004DCDF9 /* RepositoryListViewController.swift */ = {isa = PBXFileReference; lastKnownFileType = sourcecode.swift; path = RepositoryListViewController.swift; sourceTree = "<group>"; };
		912A29A82804C39C004DCDF9 /* GitHubSearchZVTests.xctest */ = {isa = PBXFileReference; explicitFileType = wrapper.cfbundle; includeInIndex = 0; path = GitHubSearchZVTests.xctest; sourceTree = BUILT_PRODUCTS_DIR; };
		91AE1CAC2805B1FA0090CE82 /* LoadingState.swift */ = {isa = PBXFileReference; lastKnownFileType = sourcecode.swift; path = LoadingState.swift; sourceTree = "<group>"; };
		91AE1CAF2805B65E0090CE82 /* GitHubAPI.swift */ = {isa = PBXFileReference; lastKnownFileType = sourcecode.swift; path = GitHubAPI.swift; sourceTree = "<group>"; };
		91AE1CB12805D2AD0090CE82 /* UIView+Extensions.swift */ = {isa = PBXFileReference; lastKnownFileType = sourcecode.swift; path = "UIView+Extensions.swift"; sourceTree = "<group>"; };
		91AE1CB62806A2E30090CE82 /* Alert.swift */ = {isa = PBXFileReference; lastKnownFileType = sourcecode.swift; path = Alert.swift; sourceTree = "<group>"; };
		91AE1CBC2806C3950090CE82 /* Data+JSONFile.swift */ = {isa = PBXFileReference; fileEncoding = 4; lastKnownFileType = sourcecode.swift; path = "Data+JSONFile.swift"; sourceTree = "<group>"; };
		91AE1CBF2806C42D0090CE82 /* RepositoryTests.swift */ = {isa = PBXFileReference; lastKnownFileType = sourcecode.swift; path = RepositoryTests.swift; sourceTree = "<group>"; };
		91AE1CC22806C4770090CE82 /* DecodableTestCase.swift */ = {isa = PBXFileReference; fileEncoding = 4; lastKnownFileType = sourcecode.swift; path = DecodableTestCase.swift; sourceTree = "<group>"; };
		91AE1CC42806C9590090CE82 /* RepositoryResponse.json */ = {isa = PBXFileReference; fileEncoding = 4; lastKnownFileType = text.json; path = RepositoryResponse.json; sourceTree = "<group>"; };
		91AE1CCA2806EC9E0090CE82 /* RepositoryViewModelTests.swift */ = {isa = PBXFileReference; lastKnownFileType = sourcecode.swift; path = RepositoryViewModelTests.swift; sourceTree = "<group>"; };
		91AE1CCD2807005D0090CE82 /* RepositoryListViewModelTests.swift */ = {isa = PBXFileReference; lastKnownFileType = sourcecode.swift; path = RepositoryListViewModelTests.swift; sourceTree = "<group>"; };
		91F183752804D6F3008A9791 /* Repository.swift */ = {isa = PBXFileReference; lastKnownFileType = sourcecode.swift; path = Repository.swift; sourceTree = "<group>"; };
		91F18377280552D4008A9791 /* RepositoryViewModel.swift */ = {isa = PBXFileReference; lastKnownFileType = sourcecode.swift; path = RepositoryViewModel.swift; sourceTree = "<group>"; };
		91F18379280552E8008A9791 /* RepositoryListViewModel.swift */ = {isa = PBXFileReference; lastKnownFileType = sourcecode.swift; path = RepositoryListViewModel.swift; sourceTree = "<group>"; };
		91F1837B2805539D008A9791 /* Dynamic.swift */ = {isa = PBXFileReference; lastKnownFileType = sourcecode.swift; path = Dynamic.swift; sourceTree = "<group>"; };
		91F1837E28059B10008A9791 /* RepositoryCell.swift */ = {isa = PBXFileReference; lastKnownFileType = sourcecode.swift; path = RepositoryCell.swift; sourceTree = "<group>"; };
/* End PBXFileReference section */

/* Begin PBXFrameworksBuildPhase section */
		912A29822804C1CC004DCDF9 /* Frameworks */ = {
			isa = PBXFrameworksBuildPhase;
			buildActionMask = 2147483647;
			files = (
				91AE1CB5280611B60090CE82 /* Kingfisher in Frameworks */,
				912A29A02804C2B1004DCDF9 /* Alamofire in Frameworks */,
			);
			runOnlyForDeploymentPostprocessing = 0;
		};
		912A29A52804C39C004DCDF9 /* Frameworks */ = {
			isa = PBXFrameworksBuildPhase;
			buildActionMask = 2147483647;
			files = (
				91AE1CD42807242D0090CE82 /* Mocker in Frameworks */,
			);
			runOnlyForDeploymentPostprocessing = 0;
		};
/* End PBXFrameworksBuildPhase section */

/* Begin PBXGroup section */
		912A297C2804C1CC004DCDF9 = {
			isa = PBXGroup;
			children = (
				912A29872804C1CC004DCDF9 /* GitHubSearchZV */,
				912A29A92804C39C004DCDF9 /* GitHubSearchZVTests */,
				912A29862804C1CC004DCDF9 /* Products */,
			);
			sourceTree = "<group>";
		};
		912A29862804C1CC004DCDF9 /* Products */ = {
			isa = PBXGroup;
			children = (
				912A29852804C1CC004DCDF9 /* GitHubSearchZV.app */,
				912A29A82804C39C004DCDF9 /* GitHubSearchZVTests.xctest */,
			);
			name = Products;
			sourceTree = "<group>";
		};
		912A29872804C1CC004DCDF9 /* GitHubSearchZV */ = {
			isa = PBXGroup;
			children = (
				912A29882804C1CC004DCDF9 /* AppDelegate.swift */,
				912A298A2804C1CC004DCDF9 /* SceneDelegate.swift */,
				912A29B42804C712004DCDF9 /* Models */,
				912A29B52804C73F004DCDF9 /* ViewModels */,
				912A29B62804C752004DCDF9 /* Views */,
				91AE1CAE2805B6460090CE82 /* Services */,
				91F1837D280553A2008A9791 /* Utilities */,
				912A29912804C1CD004DCDF9 /* Assets.xcassets */,
				912A29932804C1CD004DCDF9 /* LaunchScreen.storyboard */,
				912A29962804C1CD004DCDF9 /* Info.plist */,
			);
			path = GitHubSearchZV;
			sourceTree = "<group>";
		};
		912A29A92804C39C004DCDF9 /* GitHubSearchZVTests */ = {
			isa = PBXGroup;
			children = (
				91AE1CB82806C22A0090CE82 /* Cases */,
				91AE1CBB2806C36A0090CE82 /* Data */,
				91AE1CBA2806C3480090CE82 /* Extensions */,
				91AE1CC12806C45A0090CE82 /* Protocols */,
			);
			path = GitHubSearchZVTests;
			sourceTree = "<group>";
		};
		912A29B42804C712004DCDF9 /* Models */ = {
			isa = PBXGroup;
			children = (
				91F183752804D6F3008A9791 /* Repository.swift */,
			);
			path = Models;
			sourceTree = "<group>";
		};
		912A29B52804C73F004DCDF9 /* ViewModels */ = {
			isa = PBXGroup;
			children = (
				91F18377280552D4008A9791 /* RepositoryViewModel.swift */,
				91F18379280552E8008A9791 /* RepositoryListViewModel.swift */,
			);
			path = ViewModels;
			sourceTree = "<group>";
		};
		912A29B62804C752004DCDF9 /* Views */ = {
			isa = PBXGroup;
			children = (
				912A298E2804C1CC004DCDF9 /* Main.storyboard */,
				912A299C2804C205004DCDF9 /* RepositoryListViewController.swift */,
				91F1837E28059B10008A9791 /* RepositoryCell.swift */,
			);
			path = Views;
			sourceTree = "<group>";
		};
		91AE1CAE2805B6460090CE82 /* Services */ = {
			isa = PBXGroup;
			children = (
				91AE1CAF2805B65E0090CE82 /* GitHubAPI.swift */,
			);
			path = Services;
			sourceTree = "<group>";
		};
		91AE1CB82806C22A0090CE82 /* Cases */ = {
			isa = PBXGroup;
			children = (
				91AE1CBE2806C3FA0090CE82 /* Models */,
				91AE1CC92806EC780090CE82 /* ViewModels */,
			);
			path = Cases;
			sourceTree = "<group>";
		};
		91AE1CBA2806C3480090CE82 /* Extensions */ = {
			isa = PBXGroup;
			children = (
				91AE1CBC2806C3950090CE82 /* Data+JSONFile.swift */,
			);
			path = Extensions;
			sourceTree = "<group>";
		};
		91AE1CBB2806C36A0090CE82 /* Data */ = {
			isa = PBXGroup;
			children = (
				91AE1CC42806C9590090CE82 /* RepositoryResponse.json */,
			);
			path = Data;
			sourceTree = "<group>";
		};
		91AE1CBE2806C3FA0090CE82 /* Models */ = {
			isa = PBXGroup;
			children = (
				91AE1CBF2806C42D0090CE82 /* RepositoryTests.swift */,
			);
			path = Models;
			sourceTree = "<group>";
		};
		91AE1CC12806C45A0090CE82 /* Protocols */ = {
			isa = PBXGroup;
			children = (
				91AE1CC22806C4770090CE82 /* DecodableTestCase.swift */,
			);
			path = Protocols;
			sourceTree = "<group>";
		};
		91AE1CC92806EC780090CE82 /* ViewModels */ = {
			isa = PBXGroup;
			children = (
				91AE1CCA2806EC9E0090CE82 /* RepositoryViewModelTests.swift */,
				91AE1CCD2807005D0090CE82 /* RepositoryListViewModelTests.swift */,
			);
			path = ViewModels;
			sourceTree = "<group>";
		};
		91F1837D280553A2008A9791 /* Utilities */ = {
			isa = PBXGroup;
			children = (
				91F1837B2805539D008A9791 /* Dynamic.swift */,
				91AE1CAC2805B1FA0090CE82 /* LoadingState.swift */,
				91AE1CB12805D2AD0090CE82 /* UIView+Extensions.swift */,
				91AE1CB62806A2E30090CE82 /* Alert.swift */,
			);
			path = Utilities;
			sourceTree = "<group>";
		};
/* End PBXGroup section */

/* Begin PBXNativeTarget section */
		912A29842804C1CC004DCDF9 /* GitHubSearchZV */ = {
			isa = PBXNativeTarget;
			buildConfigurationList = 912A29992804C1CD004DCDF9 /* Build configuration list for PBXNativeTarget "GitHubSearchZV" */;
			buildPhases = (
				912A29812804C1CC004DCDF9 /* Sources */,
				912A29822804C1CC004DCDF9 /* Frameworks */,
				912A29832804C1CC004DCDF9 /* Resources */,
			);
			buildRules = (
			);
			dependencies = (
			);
			name = GitHubSearchZV;
			packageProductDependencies = (
				912A299F2804C2B1004DCDF9 /* Alamofire */,
				91AE1CB4280611B60090CE82 /* Kingfisher */,
			);
			productName = GitHubSearchZV;
			productReference = 912A29852804C1CC004DCDF9 /* GitHubSearchZV.app */;
			productType = "com.apple.product-type.application";
		};
		912A29A72804C39C004DCDF9 /* GitHubSearchZVTests */ = {
			isa = PBXNativeTarget;
			buildConfigurationList = 912A29AE2804C39C004DCDF9 /* Build configuration list for PBXNativeTarget "GitHubSearchZVTests" */;
			buildPhases = (
				912A29A42804C39C004DCDF9 /* Sources */,
				912A29A52804C39C004DCDF9 /* Frameworks */,
				912A29A62804C39C004DCDF9 /* Resources */,
			);
			buildRules = (
			);
			dependencies = (
				912A29AD2804C39C004DCDF9 /* PBXTargetDependency */,
			);
			name = GitHubSearchZVTests;
			packageProductDependencies = (
				91AE1CD32807242D0090CE82 /* Mocker */,
			);
			productName = GitHubSearchZVTests;
			productReference = 912A29A82804C39C004DCDF9 /* GitHubSearchZVTests.xctest */;
			productType = "com.apple.product-type.bundle.unit-test";
		};
/* End PBXNativeTarget section */

/* Begin PBXProject section */
		912A297D2804C1CC004DCDF9 /* Project object */ = {
			isa = PBXProject;
			attributes = {
				BuildIndependentTargetsInParallel = 1;
				LastSwiftUpdateCheck = 1330;
				LastUpgradeCheck = 1330;
				TargetAttributes = {
					912A29842804C1CC004DCDF9 = {
						CreatedOnToolsVersion = 13.3;
					};
					912A29A72804C39C004DCDF9 = {
						CreatedOnToolsVersion = 13.3;
						LastSwiftMigration = 1330;
						TestTargetID = 912A29842804C1CC004DCDF9;
					};
				};
			};
			buildConfigurationList = 912A29802804C1CC004DCDF9 /* Build configuration list for PBXProject "GitHubSearchZV" */;
			compatibilityVersion = "Xcode 13.0";
			developmentRegion = en;
			hasScannedForEncodings = 0;
			knownRegions = (
				en,
				Base,
			);
			mainGroup = 912A297C2804C1CC004DCDF9;
			packageReferences = (
				912A299E2804C2B1004DCDF9 /* XCRemoteSwiftPackageReference "Alamofire" */,
				91AE1CB3280611B50090CE82 /* XCRemoteSwiftPackageReference "Kingfisher" */,
				91AE1CD22807242D0090CE82 /* XCRemoteSwiftPackageReference "Mocker" */,
			);
			productRefGroup = 912A29862804C1CC004DCDF9 /* Products */;
			projectDirPath = "";
			projectRoot = "";
			targets = (
				912A29842804C1CC004DCDF9 /* GitHubSearchZV */,
				912A29A72804C39C004DCDF9 /* GitHubSearchZVTests */,
			);
		};
/* End PBXProject section */

/* Begin PBXResourcesBuildPhase section */
		912A29832804C1CC004DCDF9 /* Resources */ = {
			isa = PBXResourcesBuildPhase;
			buildActionMask = 2147483647;
			files = (
				912A29952804C1CD004DCDF9 /* LaunchScreen.storyboard in Resources */,
				912A29922804C1CD004DCDF9 /* Assets.xcassets in Resources */,
				912A29902804C1CC004DCDF9 /* Main.storyboard in Resources */,
			);
			runOnlyForDeploymentPostprocessing = 0;
		};
		912A29A62804C39C004DCDF9 /* Resources */ = {
			isa = PBXResourcesBuildPhase;
			buildActionMask = 2147483647;
			files = (
				91AE1CC52806C9590090CE82 /* RepositoryResponse.json in Resources */,
			);
			runOnlyForDeploymentPostprocessing = 0;
		};
/* End PBXResourcesBuildPhase section */

/* Begin PBXSourcesBuildPhase section */
		912A29812804C1CC004DCDF9 /* Sources */ = {
			isa = PBXSourcesBuildPhase;
			buildActionMask = 2147483647;
			files = (
				91F1837A280552E8008A9791 /* RepositoryListViewModel.swift in Sources */,
				912A29892804C1CC004DCDF9 /* AppDelegate.swift in Sources */,
				912A299D2804C205004DCDF9 /* RepositoryListViewController.swift in Sources */,
				91AE1CB02805B65E0090CE82 /* GitHubAPI.swift in Sources */,
				91F1837C2805539D008A9791 /* Dynamic.swift in Sources */,
				91F18378280552D4008A9791 /* RepositoryViewModel.swift in Sources */,
				91AE1CB72806A2E30090CE82 /* Alert.swift in Sources */,
				912A298B2804C1CC004DCDF9 /* SceneDelegate.swift in Sources */,
				91AE1CAD2805B1FA0090CE82 /* LoadingState.swift in Sources */,
				91F183762804D6F3008A9791 /* Repository.swift in Sources */,
				91F1837F28059B10008A9791 /* RepositoryCell.swift in Sources */,
				91AE1CB22805D2AD0090CE82 /* UIView+Extensions.swift in Sources */,
			);
			runOnlyForDeploymentPostprocessing = 0;
		};
		912A29A42804C39C004DCDF9 /* Sources */ = {
			isa = PBXSourcesBuildPhase;
			buildActionMask = 2147483647;
			files = (
				91AE1CCB2806EC9E0090CE82 /* RepositoryViewModelTests.swift in Sources */,
				91AE1CBD2806C3950090CE82 /* Data+JSONFile.swift in Sources */,
				91AE1CC32806C4770090CE82 /* DecodableTestCase.swift in Sources */,
				91AE1CC02806C42D0090CE82 /* RepositoryTests.swift in Sources */,
				91AE1CCE2807005D0090CE82 /* RepositoryListViewModelTests.swift in Sources */,
			);
			runOnlyForDeploymentPostprocessing = 0;
		};
/* End PBXSourcesBuildPhase section */

/* Begin PBXTargetDependency section */
		912A29AD2804C39C004DCDF9 /* PBXTargetDependency */ = {
			isa = PBXTargetDependency;
			target = 912A29842804C1CC004DCDF9 /* GitHubSearchZV */;
			targetProxy = 912A29AC2804C39C004DCDF9 /* PBXContainerItemProxy */;
		};
/* End PBXTargetDependency section */

/* Begin PBXVariantGroup section */
		912A298E2804C1CC004DCDF9 /* Main.storyboard */ = {
			isa = PBXVariantGroup;
			children = (
				912A298F2804C1CC004DCDF9 /* Base */,
			);
			name = Main.storyboard;
			sourceTree = "<group>";
		};
		912A29932804C1CD004DCDF9 /* LaunchScreen.storyboard */ = {
			isa = PBXVariantGroup;
			children = (
				912A29942804C1CD004DCDF9 /* Base */,
			);
			name = LaunchScreen.storyboard;
			sourceTree = "<group>";
		};
/* End PBXVariantGroup section */

/* Begin XCBuildConfiguration section */
		912A29972804C1CD004DCDF9 /* Debug */ = {
			isa = XCBuildConfiguration;
			buildSettings = {
				ALWAYS_SEARCH_USER_PATHS = NO;
				CLANG_ANALYZER_NONNULL = YES;
				CLANG_ANALYZER_NUMBER_OBJECT_CONVERSION = YES_AGGRESSIVE;
				CLANG_CXX_LANGUAGE_STANDARD = "gnu++17";
				CLANG_ENABLE_MODULES = YES;
				CLANG_ENABLE_OBJC_ARC = YES;
				CLANG_ENABLE_OBJC_WEAK = YES;
				CLANG_WARN_BLOCK_CAPTURE_AUTORELEASING = YES;
				CLANG_WARN_BOOL_CONVERSION = YES;
				CLANG_WARN_COMMA = YES;
				CLANG_WARN_CONSTANT_CONVERSION = YES;
				CLANG_WARN_DEPRECATED_OBJC_IMPLEMENTATIONS = YES;
				CLANG_WARN_DIRECT_OBJC_ISA_USAGE = YES_ERROR;
				CLANG_WARN_DOCUMENTATION_COMMENTS = YES;
				CLANG_WARN_EMPTY_BODY = YES;
				CLANG_WARN_ENUM_CONVERSION = YES;
				CLANG_WARN_INFINITE_RECURSION = YES;
				CLANG_WARN_INT_CONVERSION = YES;
				CLANG_WARN_NON_LITERAL_NULL_CONVERSION = YES;
				CLANG_WARN_OBJC_IMPLICIT_RETAIN_SELF = YES;
				CLANG_WARN_OBJC_LITERAL_CONVERSION = YES;
				CLANG_WARN_OBJC_ROOT_CLASS = YES_ERROR;
				CLANG_WARN_QUOTED_INCLUDE_IN_FRAMEWORK_HEADER = YES;
				CLANG_WARN_RANGE_LOOP_ANALYSIS = YES;
				CLANG_WARN_STRICT_PROTOTYPES = YES;
				CLANG_WARN_SUSPICIOUS_MOVE = YES;
				CLANG_WARN_UNGUARDED_AVAILABILITY = YES_AGGRESSIVE;
				CLANG_WARN_UNREACHABLE_CODE = YES;
				CLANG_WARN__DUPLICATE_METHOD_MATCH = YES;
				COPY_PHASE_STRIP = NO;
				DEBUG_INFORMATION_FORMAT = dwarf;
				ENABLE_STRICT_OBJC_MSGSEND = YES;
				ENABLE_TESTABILITY = YES;
				GCC_C_LANGUAGE_STANDARD = gnu11;
				GCC_DYNAMIC_NO_PIC = NO;
				GCC_NO_COMMON_BLOCKS = YES;
				GCC_OPTIMIZATION_LEVEL = 0;
				GCC_PREPROCESSOR_DEFINITIONS = (
					"DEBUG=1",
					"$(inherited)",
				);
				GCC_WARN_64_TO_32_BIT_CONVERSION = YES;
				GCC_WARN_ABOUT_RETURN_TYPE = YES_ERROR;
				GCC_WARN_UNDECLARED_SELECTOR = YES;
				GCC_WARN_UNINITIALIZED_AUTOS = YES_AGGRESSIVE;
				GCC_WARN_UNUSED_FUNCTION = YES;
				GCC_WARN_UNUSED_VARIABLE = YES;
				IPHONEOS_DEPLOYMENT_TARGET = 15.0;
				MTL_ENABLE_DEBUG_INFO = INCLUDE_SOURCE;
				MTL_FAST_MATH = YES;
				ONLY_ACTIVE_ARCH = YES;
				SDKROOT = iphoneos;
				SWIFT_ACTIVE_COMPILATION_CONDITIONS = DEBUG;
				SWIFT_OPTIMIZATION_LEVEL = "-Onone";
			};
			name = Debug;
		};
		912A29982804C1CD004DCDF9 /* Release */ = {
			isa = XCBuildConfiguration;
			buildSettings = {
				ALWAYS_SEARCH_USER_PATHS = NO;
				CLANG_ANALYZER_NONNULL = YES;
				CLANG_ANALYZER_NUMBER_OBJECT_CONVERSION = YES_AGGRESSIVE;
				CLANG_CXX_LANGUAGE_STANDARD = "gnu++17";
				CLANG_ENABLE_MODULES = YES;
				CLANG_ENABLE_OBJC_ARC = YES;
				CLANG_ENABLE_OBJC_WEAK = YES;
				CLANG_WARN_BLOCK_CAPTURE_AUTORELEASING = YES;
				CLANG_WARN_BOOL_CONVERSION = YES;
				CLANG_WARN_COMMA = YES;
				CLANG_WARN_CONSTANT_CONVERSION = YES;
				CLANG_WARN_DEPRECATED_OBJC_IMPLEMENTATIONS = YES;
				CLANG_WARN_DIRECT_OBJC_ISA_USAGE = YES_ERROR;
				CLANG_WARN_DOCUMENTATION_COMMENTS = YES;
				CLANG_WARN_EMPTY_BODY = YES;
				CLANG_WARN_ENUM_CONVERSION = YES;
				CLANG_WARN_INFINITE_RECURSION = YES;
				CLANG_WARN_INT_CONVERSION = YES;
				CLANG_WARN_NON_LITERAL_NULL_CONVERSION = YES;
				CLANG_WARN_OBJC_IMPLICIT_RETAIN_SELF = YES;
				CLANG_WARN_OBJC_LITERAL_CONVERSION = YES;
				CLANG_WARN_OBJC_ROOT_CLASS = YES_ERROR;
				CLANG_WARN_QUOTED_INCLUDE_IN_FRAMEWORK_HEADER = YES;
				CLANG_WARN_RANGE_LOOP_ANALYSIS = YES;
				CLANG_WARN_STRICT_PROTOTYPES = YES;
				CLANG_WARN_SUSPICIOUS_MOVE = YES;
				CLANG_WARN_UNGUARDED_AVAILABILITY = YES_AGGRESSIVE;
				CLANG_WARN_UNREACHABLE_CODE = YES;
				CLANG_WARN__DUPLICATE_METHOD_MATCH = YES;
				COPY_PHASE_STRIP = NO;
				DEBUG_INFORMATION_FORMAT = "dwarf-with-dsym";
				ENABLE_NS_ASSERTIONS = NO;
				ENABLE_STRICT_OBJC_MSGSEND = YES;
				GCC_C_LANGUAGE_STANDARD = gnu11;
				GCC_NO_COMMON_BLOCKS = YES;
				GCC_WARN_64_TO_32_BIT_CONVERSION = YES;
				GCC_WARN_ABOUT_RETURN_TYPE = YES_ERROR;
				GCC_WARN_UNDECLARED_SELECTOR = YES;
				GCC_WARN_UNINITIALIZED_AUTOS = YES_AGGRESSIVE;
				GCC_WARN_UNUSED_FUNCTION = YES;
				GCC_WARN_UNUSED_VARIABLE = YES;
				IPHONEOS_DEPLOYMENT_TARGET = 15.0;
				MTL_ENABLE_DEBUG_INFO = NO;
				MTL_FAST_MATH = YES;
				SDKROOT = iphoneos;
				SWIFT_COMPILATION_MODE = wholemodule;
				SWIFT_OPTIMIZATION_LEVEL = "-O";
				VALIDATE_PRODUCT = YES;
			};
			name = Release;
		};
		912A299A2804C1CD004DCDF9 /* Debug */ = {
			isa = XCBuildConfiguration;
			buildSettings = {
				ASSETCATALOG_COMPILER_APPICON_NAME = AppIcon;
				ASSETCATALOG_COMPILER_GLOBAL_ACCENT_COLOR_NAME = AccentColor;
				CODE_SIGN_STYLE = Automatic;
				CURRENT_PROJECT_VERSION = 1;
				DEVELOPMENT_TEAM = HLGY9529T6;
				GENERATE_INFOPLIST_FILE = YES;
				INFOPLIST_FILE = GitHubSearchZV/Info.plist;
				INFOPLIST_KEY_UIApplicationSupportsIndirectInputEvents = YES;
				INFOPLIST_KEY_UILaunchStoryboardName = LaunchScreen;
				INFOPLIST_KEY_UIMainStoryboardFile = Main;
				INFOPLIST_KEY_UISupportedInterfaceOrientations_iPad = "UIInterfaceOrientationPortrait UIInterfaceOrientationPortraitUpsideDown UIInterfaceOrientationLandscapeLeft UIInterfaceOrientationLandscapeRight";
				INFOPLIST_KEY_UISupportedInterfaceOrientations_iPhone = "UIInterfaceOrientationPortrait UIInterfaceOrientationLandscapeLeft UIInterfaceOrientationLandscapeRight";
				LD_RUNPATH_SEARCH_PATHS = (
					"$(inherited)",
					"@executable_path/Frameworks",
				);
				MARKETING_VERSION = 1.0;
				PRODUCT_BUNDLE_IDENTIFIER = com.vinklair.portfolio.GitHubSearchZV;
				PRODUCT_NAME = "$(TARGET_NAME)";
				SWIFT_EMIT_LOC_STRINGS = YES;
				SWIFT_VERSION = 5.0;
				TARGETED_DEVICE_FAMILY = "1,2";
			};
			name = Debug;
		};
		912A299B2804C1CD004DCDF9 /* Release */ = {
			isa = XCBuildConfiguration;
			buildSettings = {
				ASSETCATALOG_COMPILER_APPICON_NAME = AppIcon;
				ASSETCATALOG_COMPILER_GLOBAL_ACCENT_COLOR_NAME = AccentColor;
				CODE_SIGN_STYLE = Automatic;
				CURRENT_PROJECT_VERSION = 1;
				DEVELOPMENT_TEAM = HLGY9529T6;
				GENERATE_INFOPLIST_FILE = YES;
				INFOPLIST_FILE = GitHubSearchZV/Info.plist;
				INFOPLIST_KEY_UIApplicationSupportsIndirectInputEvents = YES;
				INFOPLIST_KEY_UILaunchStoryboardName = LaunchScreen;
				INFOPLIST_KEY_UIMainStoryboardFile = Main;
				INFOPLIST_KEY_UISupportedInterfaceOrientations_iPad = "UIInterfaceOrientationPortrait UIInterfaceOrientationPortraitUpsideDown UIInterfaceOrientationLandscapeLeft UIInterfaceOrientationLandscapeRight";
				INFOPLIST_KEY_UISupportedInterfaceOrientations_iPhone = "UIInterfaceOrientationPortrait UIInterfaceOrientationLandscapeLeft UIInterfaceOrientationLandscapeRight";
				LD_RUNPATH_SEARCH_PATHS = (
					"$(inherited)",
					"@executable_path/Frameworks",
				);
				MARKETING_VERSION = 1.0;
				PRODUCT_BUNDLE_IDENTIFIER = com.vinklair.portfolio.GitHubSearchZV;
				PRODUCT_NAME = "$(TARGET_NAME)";
				SWIFT_EMIT_LOC_STRINGS = YES;
				SWIFT_VERSION = 5.0;
				TARGETED_DEVICE_FAMILY = "1,2";
			};
			name = Release;
		};
		912A29AF2804C39C004DCDF9 /* Debug */ = {
			isa = XCBuildConfiguration;
			buildSettings = {
				BUNDLE_LOADER = "$(TEST_HOST)";
				CLANG_ENABLE_MODULES = YES;
				CODE_SIGN_STYLE = Automatic;
				CURRENT_PROJECT_VERSION = 1;
				DEVELOPMENT_TEAM = HLGY9529T6;
				GENERATE_INFOPLIST_FILE = YES;
				IPHONEOS_DEPLOYMENT_TARGET = 15.0;
				LD_RUNPATH_SEARCH_PATHS = (
					"$(inherited)",
					"@executable_path/Frameworks",
					"@loader_path/Frameworks",
				);
				MARKETING_VERSION = 1.0;
				PRODUCT_BUNDLE_IDENTIFIER = com.vinklair.portfolio.GitHubSearchZVTests;
				PRODUCT_NAME = "$(TARGET_NAME)";
				SWIFT_EMIT_LOC_STRINGS = NO;
				SWIFT_OPTIMIZATION_LEVEL = "-Onone";
				SWIFT_VERSION = 5.0;
				TARGETED_DEVICE_FAMILY = "1,2";
				TEST_HOST = "$(BUILT_PRODUCTS_DIR)/GitHubSearchZV.app/GitHubSearchZV";
			};
			name = Debug;
		};
		912A29B02804C39C004DCDF9 /* Release */ = {
			isa = XCBuildConfiguration;
			buildSettings = {
				BUNDLE_LOADER = "$(TEST_HOST)";
				CLANG_ENABLE_MODULES = YES;
				CODE_SIGN_STYLE = Automatic;
				CURRENT_PROJECT_VERSION = 1;
				DEVELOPMENT_TEAM = HLGY9529T6;
				GENERATE_INFOPLIST_FILE = YES;
				IPHONEOS_DEPLOYMENT_TARGET = 15.0;
				LD_RUNPATH_SEARCH_PATHS = (
					"$(inherited)",
					"@executable_path/Frameworks",
					"@loader_path/Frameworks",
				);
				MARKETING_VERSION = 1.0;
				PRODUCT_BUNDLE_IDENTIFIER = com.vinklair.portfolio.GitHubSearchZVTests;
				PRODUCT_NAME = "$(TARGET_NAME)";
				SWIFT_EMIT_LOC_STRINGS = NO;
				SWIFT_VERSION = 5.0;
				TARGETED_DEVICE_FAMILY = "1,2";
				TEST_HOST = "$(BUILT_PRODUCTS_DIR)/GitHubSearchZV.app/GitHubSearchZV";
			};
			name = Release;
		};
/* End XCBuildConfiguration section */

/* Begin XCConfigurationList section */
		912A29802804C1CC004DCDF9 /* Build configuration list for PBXProject "GitHubSearchZV" */ = {
			isa = XCConfigurationList;
			buildConfigurations = (
				912A29972804C1CD004DCDF9 /* Debug */,
				912A29982804C1CD004DCDF9 /* Release */,
			);
			defaultConfigurationIsVisible = 0;
			defaultConfigurationName = Release;
		};
		912A29992804C1CD004DCDF9 /* Build configuration list for PBXNativeTarget "GitHubSearchZV" */ = {
			isa = XCConfigurationList;
			buildConfigurations = (
				912A299A2804C1CD004DCDF9 /* Debug */,
				912A299B2804C1CD004DCDF9 /* Release */,
			);
			defaultConfigurationIsVisible = 0;
			defaultConfigurationName = Release;
		};
		912A29AE2804C39C004DCDF9 /* Build configuration list for PBXNativeTarget "GitHubSearchZVTests" */ = {
			isa = XCConfigurationList;
			buildConfigurations = (
				912A29AF2804C39C004DCDF9 /* Debug */,
				912A29B02804C39C004DCDF9 /* Release */,
			);
			defaultConfigurationIsVisible = 0;
			defaultConfigurationName = Release;
		};
/* End XCConfigurationList section */

/* Begin XCRemoteSwiftPackageReference section */
		912A299E2804C2B1004DCDF9 /* XCRemoteSwiftPackageReference "Alamofire" */ = {
			isa = XCRemoteSwiftPackageReference;
			repositoryURL = "https://github.com/Alamofire/Alamofire";
			requirement = {
				kind = upToNextMajorVersion;
				minimumVersion = 5.0.0;
			};
		};
		91AE1CB3280611B50090CE82 /* XCRemoteSwiftPackageReference "Kingfisher" */ = {
			isa = XCRemoteSwiftPackageReference;
			repositoryURL = "https://github.com/onevcat/Kingfisher";
			requirement = {
				kind = upToNextMajorVersion;
				minimumVersion = 7.0.0;
			};
		};
		91AE1CD22807242D0090CE82 /* XCRemoteSwiftPackageReference "Mocker" */ = {
			isa = XCRemoteSwiftPackageReference;
			repositoryURL = "https://github.com/WeTransfer/Mocker.git";
			requirement = {
				kind = upToNextMajorVersion;
				minimumVersion = 2.0.0;
			};
		};
/* End XCRemoteSwiftPackageReference section */

/* Begin XCSwiftPackageProductDependency section */
		912A299F2804C2B1004DCDF9 /* Alamofire */ = {
			isa = XCSwiftPackageProductDependency;
			package = 912A299E2804C2B1004DCDF9 /* XCRemoteSwiftPackageReference "Alamofire" */;
			productName = Alamofire;
		};
		91AE1CB4280611B60090CE82 /* Kingfisher */ = {
			isa = XCSwiftPackageProductDependency;
			package = 91AE1CB3280611B50090CE82 /* XCRemoteSwiftPackageReference "Kingfisher" */;
			productName = Kingfisher;
		};
		91AE1CD32807242D0090CE82 /* Mocker */ = {
			isa = XCSwiftPackageProductDependency;
			package = 91AE1CD22807242D0090CE82 /* XCRemoteSwiftPackageReference "Mocker" */;
			productName = Mocker;
		};
/* End XCSwiftPackageProductDependency section */
	};
	rootObject = 912A297D2804C1CC004DCDF9 /* Project object */;
}
